// !$*UTF8*$!
{
	archiveVersion = 1;
	classes = {
	};
	objectVersion = 46;
	objects = {

/* Begin PBXBuildFile section */
		B9E5FA331B5B250900A58A49 /* AppDelegate.swift in Sources */ = {isa = PBXBuildFile; fileRef = B9E5FA321B5B250900A58A49 /* AppDelegate.swift */; };
		B9E5FA351B5B250900A58A49 /* ViewController.swift in Sources */ = {isa = PBXBuildFile; fileRef = B9E5FA341B5B250900A58A49 /* ViewController.swift */; };
		B9E5FA381B5B250900A58A49 /* Main.storyboard in Resources */ = {isa = PBXBuildFile; fileRef = B9E5FA361B5B250900A58A49 /* Main.storyboard */; };
		B9E5FA3B1B5B250A00A58A49 /* Diet_Butler.xcdatamodeld in Sources */ = {isa = PBXBuildFile; fileRef = B9E5FA391B5B250A00A58A49 /* Diet_Butler.xcdatamodeld */; };
		B9E5FA3D1B5B250A00A58A49 /* Assets.xcassets in Resources */ = {isa = PBXBuildFile; fileRef = B9E5FA3C1B5B250A00A58A49 /* Assets.xcassets */; };
		B9E5FA401B5B250A00A58A49 /* LaunchScreen.storyboard in Resources */ = {isa = PBXBuildFile; fileRef = B9E5FA3E1B5B250A00A58A49 /* LaunchScreen.storyboard */; };
		B9E5FA4B1B5B250A00A58A49 /* Diet_ButlerTests.swift in Sources */ = {isa = PBXBuildFile; fileRef = B9E5FA4A1B5B250A00A58A49 /* Diet_ButlerTests.swift */; };
		B9E5FA561B5B250A00A58A49 /* Diet_ButlerUITests.swift in Sources */ = {isa = PBXBuildFile; fileRef = B9E5FA551B5B250A00A58A49 /* Diet_ButlerUITests.swift */; };
/* End PBXBuildFile section */

/* Begin PBXContainerItemProxy section */
		B9E5FA471B5B250A00A58A49 /* PBXContainerItemProxy */ = {
			isa = PBXContainerItemProxy;
			containerPortal = B9E5FA271B5B250900A58A49 /* Project object */;
			proxyType = 1;
			remoteGlobalIDString = B9E5FA2E1B5B250900A58A49;
			remoteInfo = "Diet Butler";
		};
		B9E5FA521B5B250A00A58A49 /* PBXContainerItemProxy */ = {
			isa = PBXContainerItemProxy;
			containerPortal = B9E5FA271B5B250900A58A49 /* Project object */;
			proxyType = 1;
			remoteGlobalIDString = B9E5FA2E1B5B250900A58A49;
			remoteInfo = "Diet Butler";
		};
/* End PBXContainerItemProxy section */

/* Begin PBXFileReference section */
		B9E5FA2F1B5B250900A58A49 /* Diet Butler.app */ = {isa = PBXFileReference; explicitFileType = wrapper.application; includeInIndex = 0; path = "Diet Butler.app"; sourceTree = BUILT_PRODUCTS_DIR; };
		B9E5FA321B5B250900A58A49 /* AppDelegate.swift */ = {isa = PBXFileReference; lastKnownFileType = sourcecode.swift; path = AppDelegate.swift; sourceTree = "<group>"; };
		B9E5FA341B5B250900A58A49 /* ViewController.swift */ = {isa = PBXFileReference; lastKnownFileType = sourcecode.swift; path = ViewController.swift; sourceTree = "<group>"; };
		B9E5FA371B5B250900A58A49 /* Base */ = {isa = PBXFileReference; lastKnownFileType = file.storyboard; name = Base; path = Base.lproj/Main.storyboard; sourceTree = "<group>"; };
		B9E5FA3A1B5B250A00A58A49 /* Diet_Butler.xcdatamodel */ = {isa = PBXFileReference; lastKnownFileType = wrapper.xcdatamodel; path = Diet_Butler.xcdatamodel; sourceTree = "<group>"; };
		B9E5FA3C1B5B250A00A58A49 /* Assets.xcassets */ = {isa = PBXFileReference; lastKnownFileType = folder.assetcatalog; path = Assets.xcassets; sourceTree = "<group>"; };
		B9E5FA3F1B5B250A00A58A49 /* Base */ = {isa = PBXFileReference; lastKnownFileType = file.storyboard; name = Base; path = Base.lproj/LaunchScreen.storyboard; sourceTree = "<group>"; };
		B9E5FA411B5B250A00A58A49 /* Info.plist */ = {isa = PBXFileReference; lastKnownFileType = text.plist.xml; path = Info.plist; sourceTree = "<group>"; };
		B9E5FA461B5B250A00A58A49 /* Diet ButlerTests.xctest */ = {isa = PBXFileReference; explicitFileType = wrapper.cfbundle; includeInIndex = 0; path = "Diet ButlerTests.xctest"; sourceTree = BUILT_PRODUCTS_DIR; };
		B9E5FA4A1B5B250A00A58A49 /* Diet_ButlerTests.swift */ = {isa = PBXFileReference; lastKnownFileType = sourcecode.swift; path = Diet_ButlerTests.swift; sourceTree = "<group>"; };
		B9E5FA4C1B5B250A00A58A49 /* Info.plist */ = {isa = PBXFileReference; lastKnownFileType = text.plist.xml; path = Info.plist; sourceTree = "<group>"; };
		B9E5FA511B5B250A00A58A49 /* Diet ButlerUITests.xctest */ = {isa = PBXFileReference; explicitFileType = wrapper.cfbundle; includeInIndex = 0; path = "Diet ButlerUITests.xctest"; sourceTree = BUILT_PRODUCTS_DIR; };
		B9E5FA551B5B250A00A58A49 /* Diet_ButlerUITests.swift */ = {isa = PBXFileReference; lastKnownFileType = sourcecode.swift; path = Diet_ButlerUITests.swift; sourceTree = "<group>"; };
		B9E5FA571B5B250A00A58A49 /* Info.plist */ = {isa = PBXFileReference; lastKnownFileType = text.plist.xml; path = Info.plist; sourceTree = "<group>"; };
/* End PBXFileReference section */

/* Begin PBXFrameworksBuildPhase section */
		B9E5FA2C1B5B250900A58A49 /* Frameworks */ = {
			isa = PBXFrameworksBuildPhase;
			buildActionMask = 2147483647;
			files = (
			);
			runOnlyForDeploymentPostprocessing = 0;
		};
		B9E5FA431B5B250A00A58A49 /* Frameworks */ = {
			isa = PBXFrameworksBuildPhase;
			buildActionMask = 2147483647;
			files = (
			);
			runOnlyForDeploymentPostprocessing = 0;
		};
		B9E5FA4E1B5B250A00A58A49 /* Frameworks */ = {
			isa = PBXFrameworksBuildPhase;
			buildActionMask = 2147483647;
			files = (
			);
			runOnlyForDeploymentPostprocessing = 0;
		};
/* End PBXFrameworksBuildPhase section */

/* Begin PBXGroup section */
		B9E5FA261B5B250900A58A49 = {
			isa = PBXGroup;
			children = (
				B9E5FA311B5B250900A58A49 /* Diet Butler */,
				B9E5FA491B5B250A00A58A49 /* Diet ButlerTests */,
				B9E5FA541B5B250A00A58A49 /* Diet ButlerUITests */,
				B9E5FA301B5B250900A58A49 /* Products */,
			);
			sourceTree = "<group>";
		};
		B9E5FA301B5B250900A58A49 /* Products */ = {
			isa = PBXGroup;
			children = (
				B9E5FA2F1B5B250900A58A49 /* Diet Butler.app */,
				B9E5FA461B5B250A00A58A49 /* Diet ButlerTests.xctest */,
				B9E5FA511B5B250A00A58A49 /* Diet ButlerUITests.xctest */,
			);
			name = Products;
			sourceTree = "<group>";
		};
		B9E5FA311B5B250900A58A49 /* Diet Butler */ = {
			isa = PBXGroup;
			children = (
				B9E5FA321B5B250900A58A49 /* AppDelegate.swift */,
				B9E5FA341B5B250900A58A49 /* ViewController.swift */,
				B9E5FA361B5B250900A58A49 /* Main.storyboard */,
				B9E5FA3C1B5B250A00A58A49 /* Assets.xcassets */,
				B9E5FA3E1B5B250A00A58A49 /* LaunchScreen.storyboard */,
				B9E5FA411B5B250A00A58A49 /* Info.plist */,
				B9E5FA391B5B250A00A58A49 /* Diet_Butler.xcdatamodeld */,
			);
			path = "Diet Butler";
			sourceTree = "<group>";
		};
		B9E5FA491B5B250A00A58A49 /* Diet ButlerTests */ = {
			isa = PBXGroup;
			children = (
				B9E5FA4A1B5B250A00A58A49 /* Diet_ButlerTests.swift */,
				B9E5FA4C1B5B250A00A58A49 /* Info.plist */,
			);
			path = "Diet ButlerTests";
			sourceTree = "<group>";
		};
		B9E5FA541B5B250A00A58A49 /* Diet ButlerUITests */ = {
			isa = PBXGroup;
			children = (
				B9E5FA551B5B250A00A58A49 /* Diet_ButlerUITests.swift */,
				B9E5FA571B5B250A00A58A49 /* Info.plist */,
			);
			path = "Diet ButlerUITests";
			sourceTree = "<group>";
		};
/* End PBXGroup section */

/* Begin PBXNativeTarget section */
		B9E5FA2E1B5B250900A58A49 /* Diet Butler */ = {
			isa = PBXNativeTarget;
			buildConfigurationList = B9E5FA5A1B5B250A00A58A49 /* Build configuration list for PBXNativeTarget "Diet Butler" */;
			buildPhases = (
				B9E5FA2B1B5B250900A58A49 /* Sources */,
				B9E5FA2C1B5B250900A58A49 /* Frameworks */,
				B9E5FA2D1B5B250900A58A49 /* Resources */,
			);
			buildRules = (
			);
			dependencies = (
			);
			name = "Diet Butler";
			productName = "Diet Butler";
			productReference = B9E5FA2F1B5B250900A58A49 /* Diet Butler.app */;
			productType = "com.apple.product-type.application";
		};
		B9E5FA451B5B250A00A58A49 /* Diet ButlerTests */ = {
			isa = PBXNativeTarget;
			buildConfigurationList = B9E5FA5D1B5B250A00A58A49 /* Build configuration list for PBXNativeTarget "Diet ButlerTests" */;
			buildPhases = (
				B9E5FA421B5B250A00A58A49 /* Sources */,
				B9E5FA431B5B250A00A58A49 /* Frameworks */,
				B9E5FA441B5B250A00A58A49 /* Resources */,
			);
			buildRules = (
			);
			dependencies = (
				B9E5FA481B5B250A00A58A49 /* PBXTargetDependency */,
			);
			name = "Diet ButlerTests";
			productName = "Diet ButlerTests";
			productReference = B9E5FA461B5B250A00A58A49 /* Diet ButlerTests.xctest */;
			productType = "com.apple.product-type.bundle.unit-test";
		};
		B9E5FA501B5B250A00A58A49 /* Diet ButlerUITests */ = {
			isa = PBXNativeTarget;
			buildConfigurationList = B9E5FA601B5B250A00A58A49 /* Build configuration list for PBXNativeTarget "Diet ButlerUITests" */;
			buildPhases = (
				B9E5FA4D1B5B250A00A58A49 /* Sources */,
				B9E5FA4E1B5B250A00A58A49 /* Frameworks */,
				B9E5FA4F1B5B250A00A58A49 /* Resources */,
			);
			buildRules = (
			);
			dependencies = (
				B9E5FA531B5B250A00A58A49 /* PBXTargetDependency */,
			);
			name = "Diet ButlerUITests";
			productName = "Diet ButlerUITests";
			productReference = B9E5FA511B5B250A00A58A49 /* Diet ButlerUITests.xctest */;
			productType = "com.apple.product-type.bundle.ui-testing";
		};
/* End PBXNativeTarget section */

/* Begin PBXProject section */
		B9E5FA271B5B250900A58A49 /* Project object */ = {
			isa = PBXProject;
			attributes = {
				LastUpgradeCheck = 0700;
				ORGANIZATIONNAME = "Samuel Walker";
				TargetAttributes = {
					B9E5FA2E1B5B250900A58A49 = {
						CreatedOnToolsVersion = 7.0;
					};
					B9E5FA451B5B250A00A58A49 = {
						CreatedOnToolsVersion = 7.0;
						TestTargetID = B9E5FA2E1B5B250900A58A49;
					};
					B9E5FA501B5B250A00A58A49 = {
						CreatedOnToolsVersion = 7.0;
						TestTargetID = B9E5FA2E1B5B250900A58A49;
					};
				};
			};
			buildConfigurationList = B9E5FA2A1B5B250900A58A49 /* Build configuration list for PBXProject "Diet Butler" */;
			compatibilityVersion = "Xcode 3.2";
			developmentRegion = English;
			hasScannedForEncodings = 0;
			knownRegions = (
				en,
				Base,
			);
			mainGroup = B9E5FA261B5B250900A58A49;
			productRefGroup = B9E5FA301B5B250900A58A49 /* Products */;
			projectDirPath = "";
			projectRoot = "";
			targets = (
				B9E5FA2E1B5B250900A58A49 /* Diet Butler */,
				B9E5FA451B5B250A00A58A49 /* Diet ButlerTests */,
				B9E5FA501B5B250A00A58A49 /* Diet ButlerUITests */,
			);
		};
/* End PBXProject section */

/* Begin PBXResourcesBuildPhase section */
		B9E5FA2D1B5B250900A58A49 /* Resources */ = {
			isa = PBXResourcesBuildPhase;
			buildActionMask = 2147483647;
			files = (
				B9E5FA401B5B250A00A58A49 /* LaunchScreen.storyboard in Resources */,
				B9E5FA3D1B5B250A00A58A49 /* Assets.xcassets in Resources */,
				B9E5FA381B5B250900A58A49 /* Main.storyboard in Resources */,
			);
			runOnlyForDeploymentPostprocessing = 0;
		};
		B9E5FA441B5B250A00A58A49 /* Resources */ = {
			isa = PBXResourcesBuildPhase;
			buildActionMask = 2147483647;
			files = (
			);
			runOnlyForDeploymentPostprocessing = 0;
		};
		B9E5FA4F1B5B250A00A58A49 /* Resources */ = {
			isa = PBXResourcesBuildPhase;
			buildActionMask = 2147483647;
			files = (
			);
			runOnlyForDeploymentPostprocessing = 0;
		};
/* End PBXResourcesBuildPhase section */

/* Begin PBXSourcesBuildPhase section */
		B9E5FA2B1B5B250900A58A49 /* Sources */ = {
			isa = PBXSourcesBuildPhase;
			buildActionMask = 2147483647;
			files = (
				B9E5FA351B5B250900A58A49 /* ViewController.swift in Sources */,
				B9E5FA3B1B5B250A00A58A49 /* Diet_Butler.xcdatamodeld in Sources */,
				B9E5FA331B5B250900A58A49 /* AppDelegate.swift in Sources */,
			);
			runOnlyForDeploymentPostprocessing = 0;
		};
		B9E5FA421B5B250A00A58A49 /* Sources */ = {
			isa = PBXSourcesBuildPhase;
			buildActionMask = 2147483647;
			files = (
				B9E5FA4B1B5B250A00A58A49 /* Diet_ButlerTests.swift in Sources */,
			);
			runOnlyForDeploymentPostprocessing = 0;
		};
		B9E5FA4D1B5B250A00A58A49 /* Sources */ = {
			isa = PBXSourcesBuildPhase;
			buildActionMask = 2147483647;
			files = (
				B9E5FA561B5B250A00A58A49 /* Diet_ButlerUITests.swift in Sources */,
			);
			runOnlyForDeploymentPostprocessing = 0;
		};
/* End PBXSourcesBuildPhase section */

/* Begin PBXTargetDependency section */
		B9E5FA481B5B250A00A58A49 /* PBXTargetDependency */ = {
			isa = PBXTargetDependency;
			target = B9E5FA2E1B5B250900A58A49 /* Diet Butler */;
			targetProxy = B9E5FA471B5B250A00A58A49 /* PBXContainerItemProxy */;
		};
		B9E5FA531B5B250A00A58A49 /* PBXTargetDependency */ = {
			isa = PBXTargetDependency;
			target = B9E5FA2E1B5B250900A58A49 /* Diet Butler */;
			targetProxy = B9E5FA521B5B250A00A58A49 /* PBXContainerItemProxy */;
		};
/* End PBXTargetDependency section */

/* Begin PBXVariantGroup section */
		B9E5FA361B5B250900A58A49 /* Main.storyboard */ = {
			isa = PBXVariantGroup;
			children = (
				B9E5FA371B5B250900A58A49 /* Base */,
			);
			name = Main.storyboard;
			sourceTree = "<group>";
		};
		B9E5FA3E1B5B250A00A58A49 /* LaunchScreen.storyboard */ = {
			isa = PBXVariantGroup;
			children = (
				B9E5FA3F1B5B250A00A58A49 /* Base */,
			);
			name = LaunchScreen.storyboard;
			sourceTree = "<group>";
		};
/* End PBXVariantGroup section */

/* Begin XCBuildConfiguration section */
		B9E5FA581B5B250A00A58A49 /* Debug */ = {
			isa = XCBuildConfiguration;
			buildSettings = {
				ALWAYS_SEARCH_USER_PATHS = NO;
				CLANG_CXX_LANGUAGE_STANDARD = "gnu++0x";
				CLANG_CXX_LIBRARY = "libc++";
				CLANG_ENABLE_MODULES = YES;
				CLANG_ENABLE_OBJC_ARC = YES;
				CLANG_WARN_BOOL_CONVERSION = YES;
				CLANG_WARN_CONSTANT_CONVERSION = YES;
				CLANG_WARN_DIRECT_OBJC_ISA_USAGE = YES_ERROR;
				CLANG_WARN_EMPTY_BODY = YES;
				CLANG_WARN_ENUM_CONVERSION = YES;
				CLANG_WARN_INT_CONVERSION = YES;
				CLANG_WARN_OBJC_ROOT_CLASS = YES_ERROR;
				CLANG_WARN_UNREACHABLE_CODE = YES;
				CLANG_WARN__DUPLICATE_METHOD_MATCH = YES;
				"CODE_SIGN_IDENTITY[sdk=iphoneos*]" = "iPhone Developer";
				COPY_PHASE_STRIP = NO;
				DEBUG_INFORMATION_FORMAT = dwarf;
				ENABLE_STRICT_OBJC_MSGSEND = YES;
				ENABLE_TESTABILITY = YES;
				GCC_C_LANGUAGE_STANDARD = gnu99;
				GCC_DYNAMIC_NO_PIC = NO;
				GCC_NO_COMMON_BLOCKS = YES;
				GCC_OPTIMIZATION_LEVEL = 0;
				GCC_PREPROCESSOR_DEFINITIONS = (
					"DEBUG=1",
					"$(inherited)",
				);
				GCC_WARN_64_TO_32_BIT_CONVERSION = YES;
				GCC_WARN_ABOUT_RETURN_TYPE = YES_ERROR;
				GCC_WARN_UNDECLARED_SELECTOR = YES;
				GCC_WARN_UNINITIALIZED_AUTOS = YES_AGGRESSIVE;
				GCC_WARN_UNUSED_FUNCTION = YES;
				GCC_WARN_UNUSED_VARIABLE = YES;
				IPHONEOS_DEPLOYMENT_TARGET = 9.0;
				MTL_ENABLE_DEBUG_INFO = YES;
				ONLY_ACTIVE_ARCH = YES;
				SDKROOT = iphoneos;
				SWIFT_OPTIMIZATION_LEVEL = "-Onone";
			};
			name = Debug;
		};
		B9E5FA591B5B250A00A58A49 /* Release */ = {
			isa = XCBuildConfiguration;
			buildSettings = {
				ALWAYS_SEARCH_USER_PATHS = NO;
				CLANG_CXX_LANGUAGE_STANDARD = "gnu++0x";
				CLANG_CXX_LIBRARY = "libc++";
				CLANG_ENABLE_MODULES = YES;
				CLANG_ENABLE_OBJC_ARC = YES;
				CLANG_WARN_BOOL_CONVERSION = YES;
				CLANG_WARN_CONSTANT_CONVERSION = YES;
				CLANG_WARN_DIRECT_OBJC_ISA_USAGE = YES_ERROR;
				CLANG_WARN_EMPTY_BODY = YES;
				CLANG_WARN_ENUM_CONVERSION = YES;
				CLANG_WARN_INT_CONVERSION = YES;
				CLANG_WARN_OBJC_ROOT_CLASS = YES_ERROR;
				CLANG_WARN_UNREACHABLE_CODE = YES;
				CLANG_WARN__DUPLICATE_METHOD_MATCH = YES;
				"CODE_SIGN_IDENTITY[sdk=iphoneos*]" = "iPhone Developer";
				COPY_PHASE_STRIP = NO;
				DEBUG_INFORMATION_FORMAT = "dwarf-with-dsym";
				ENABLE_NS_ASSERTIONS = NO;
				ENABLE_STRICT_OBJC_MSGSEND = YES;
				GCC_C_LANGUAGE_STANDARD = gnu99;
				GCC_NO_COMMON_BLOCKS = YES;
				GCC_WARN_64_TO_32_BIT_CONVERSION = YES;
				GCC_WARN_ABOUT_RETURN_TYPE = YES_ERROR;
				GCC_WARN_UNDECLARED_SELECTOR = YES;
				GCC_WARN_UNINITIALIZED_AUTOS = YES_AGGRESSIVE;
				GCC_WARN_UNUSED_FUNCTION = YES;
				GCC_WARN_UNUSED_VARIABLE = YES;
				IPHONEOS_DEPLOYMENT_TARGET = 9.0;
				MTL_ENABLE_DEBUG_INFO = NO;
				SDKROOT = iphoneos;
				VALIDATE_PRODUCT = YES;
			};
			name = Release;
		};
		B9E5FA5B1B5B250A00A58A49 /* Debug */ = {
			isa = XCBuildConfiguration;
			buildSettings = {
				ASSETCATALOG_COMPILER_APPICON_NAME = AppIcon;
				INFOPLIST_FILE = "Diet Butler/Info.plist";
				LD_RUNPATH_SEARCH_PATHS = "$(inherited) @executable_path/Frameworks";
				PRODUCT_BUNDLE_IDENTIFIER = "swalker.Diet-Butler";
				PRODUCT_NAME = "$(TARGET_NAME)";
			};
			name = Debug;
		};
		B9E5FA5C1B5B250A00A58A49 /* Release */ = {
			isa = XCBuildConfiguration;
			buildSettings = {
				ASSETCATALOG_COMPILER_APPICON_NAME = AppIcon;
				INFOPLIST_FILE = "Diet Butler/Info.plist";
				LD_RUNPATH_SEARCH_PATHS = "$(inherited) @executable_path/Frameworks";
				PRODUCT_BUNDLE_IDENTIFIER = "swalker.Diet-Butler";
				PRODUCT_NAME = "$(TARGET_NAME)";
			};
			name = Release;
		};
		B9E5FA5E1B5B250A00A58A49 /* Debug */ = {
			isa = XCBuildConfiguration;
			buildSettings = {
				BUNDLE_LOADER = "$(TEST_HOST)";
				INFOPLIST_FILE = "Diet ButlerTests/Info.plist";
				LD_RUNPATH_SEARCH_PATHS = "$(inherited) @executable_path/Frameworks @loader_path/Frameworks";
				PRODUCT_BUNDLE_IDENTIFIER = "swalker.Diet-ButlerTests";
				PRODUCT_NAME = "$(TARGET_NAME)";
				TEST_HOST = "$(BUILT_PRODUCTS_DIR)/Diet Butler.app/Diet Butler";
			};
			name = Debug;
		};
		B9E5FA5F1B5B250A00A58A49 /* Release */ = {
			isa = XCBuildConfiguration;
			buildSettings = {
				BUNDLE_LOADER = "$(TEST_HOST)";
				INFOPLIST_FILE = "Diet ButlerTests/Info.plist";
				LD_RUNPATH_SEARCH_PATHS = "$(inherited) @executable_path/Frameworks @loader_path/Frameworks";
				PRODUCT_BUNDLE_IDENTIFIER = "swalker.Diet-ButlerTests";
				PRODUCT_NAME = "$(TARGET_NAME)";
				TEST_HOST = "$(BUILT_PRODUCTS_DIR)/Diet Butler.app/Diet Butler";
			};
			name = Release;
		};
		B9E5FA611B5B250A00A58A49 /* Debug */ = {
			isa = XCBuildConfiguration;
			buildSettings = {
				INFOPLIST_FILE = "Diet ButlerUITests/Info.plist";
				LD_RUNPATH_SEARCH_PATHS = "$(inherited) @executable_path/Frameworks @loader_path/Frameworks";
				PRODUCT_BUNDLE_IDENTIFIER = "swalker.Diet-ButlerUITests";
				PRODUCT_NAME = "$(TARGET_NAME)";
				TEST_TARGET_NAME = "Diet Butler";
				USES_XCTRUNNER = YES;
			};
			name = Debug;
		};
		B9E5FA621B5B250A00A58A49 /* Release */ = {
			isa = XCBuildConfiguration;
			buildSettings = {
				INFOPLIST_FILE = "Diet ButlerUITests/Info.plist";
				LD_RUNPATH_SEARCH_PATHS = "$(inherited) @executable_path/Frameworks @loader_path/Frameworks";
				PRODUCT_BUNDLE_IDENTIFIER = "swalker.Diet-ButlerUITests";
				PRODUCT_NAME = "$(TARGET_NAME)";
				TEST_TARGET_NAME = "Diet Butler";
				USES_XCTRUNNER = YES;
			};
			name = Release;
		};
/* End XCBuildConfiguration section */

/* Begin XCConfigurationList section */
		B9E5FA2A1B5B250900A58A49 /* Build configuration list for PBXProject "Diet Butler" */ = {
			isa = XCConfigurationList;
			buildConfigurations = (
				B9E5FA581B5B250A00A58A49 /* Debug */,
				B9E5FA591B5B250A00A58A49 /* Release */,
			);
			defaultConfigurationIsVisible = 0;
			defaultConfigurationName = Release;
		};
		B9E5FA5A1B5B250A00A58A49 /* Build configuration list for PBXNativeTarget "Diet Butler" */ = {
			isa = XCConfigurationList;
			buildConfigurations = (
				B9E5FA5B1B5B250A00A58A49 /* Debug */,
				B9E5FA5C1B5B250A00A58A49 /* Release */,
			);
			defaultConfigurationIsVisible = 0;
		};
		B9E5FA5D1B5B250A00A58A49 /* Build configuration list for PBXNativeTarget "Diet ButlerTests" */ = {
			isa = XCConfigurationList;
			buildConfigurations = (
				B9E5FA5E1B5B250A00A58A49 /* Debug */,
				B9E5FA5F1B5B250A00A58A49 /* Release */,
			);
			defaultConfigurationIsVisible = 0;
		};
		B9E5FA601B5B250A00A58A49 /* Build configuration list for PBXNativeTarget "Diet ButlerUITests" */ = {
			isa = XCConfigurationList;
			buildConfigurations = (
				B9E5FA611B5B250A00A58A49 /* Debug */,
				B9E5FA621B5B250A00A58A49 /* Release */,
			);
			defaultConfigurationIsVisible = 0;
		};
/* End XCConfigurationList section */

/* Begin XCVersionGroup section */
		B9E5FA391B5B250A00A58A49 /* Diet_Butler.xcdatamodeld */ = {
			isa = XCVersionGroup;
			children = (
				B9E5FA3A1B5B250A00A58A49 /* Diet_Butler.xcdatamodel */,
			);
			currentVersion = B9E5FA3A1B5B250A00A58A49 /* Diet_Butler.xcdatamodel */;
			path = Diet_Butler.xcdatamodeld;
			sourceTree = "<group>";
			versionGroupType = wrapper.xcdatamodel;
		};
/* End XCVersionGroup section */
	};
	rootObject = B9E5FA271B5B250900A58A49 /* Project object */;
}
